// !$*UTF8*$!
{
	archiveVersion = 1;
	classes = {
	};
	objectVersion = 48;
	objects = {

/* Begin PBXBuildFile section */
		678949382052710C0015B6EE /* AppDelegate.swift in Sources */ = {isa = PBXBuildFile; fileRef = 678949372052710C0015B6EE /* AppDelegate.swift */; };
		6789493A2052710C0015B6EE /* ViewController.swift in Sources */ = {isa = PBXBuildFile; fileRef = 678949392052710C0015B6EE /* ViewController.swift */; };
		6789493D2052710C0015B6EE /* Main.storyboard in Resources */ = {isa = PBXBuildFile; fileRef = 6789493B2052710C0015B6EE /* Main.storyboard */; };
		6789493F2052710C0015B6EE /* Assets.xcassets in Resources */ = {isa = PBXBuildFile; fileRef = 6789493E2052710C0015B6EE /* Assets.xcassets */; };
		678949422052710C0015B6EE /* LaunchScreen.storyboard in Resources */ = {isa = PBXBuildFile; fileRef = 678949402052710C0015B6EE /* LaunchScreen.storyboard */; };
		6789494B205272460015B6EE /* rock.png in Resources */ = {isa = PBXBuildFile; fileRef = 6789494A205272460015B6EE /* rock.png */; };
		6789494D2052727F0015B6EE /* paper.png in Resources */ = {isa = PBXBuildFile; fileRef = 6789494C2052727F0015B6EE /* paper.png */; };
		6789494F205273AF0015B6EE /* scissor.png in Resources */ = {isa = PBXBuildFile; fileRef = 6789494E205273AF0015B6EE /* scissor.png */; };
/* End PBXBuildFile section */

/* Begin PBXFileReference section */
		678949342052710C0015B6EE /* computerRSP.app */ = {isa = PBXFileReference; explicitFileType = wrapper.application; includeInIndex = 0; path = computerRSP.app; sourceTree = BUILT_PRODUCTS_DIR; };
		678949372052710C0015B6EE /* AppDelegate.swift */ = {isa = PBXFileReference; lastKnownFileType = sourcecode.swift; path = AppDelegate.swift; sourceTree = "<group>"; };
		678949392052710C0015B6EE /* ViewController.swift */ = {isa = PBXFileReference; lastKnownFileType = sourcecode.swift; path = ViewController.swift; sourceTree = "<group>"; };
		6789493C2052710C0015B6EE /* Base */ = {isa = PBXFileReference; lastKnownFileType = file.storyboard; name = Base; path = Base.lproj/Main.storyboard; sourceTree = "<group>"; };
		6789493E2052710C0015B6EE /* Assets.xcassets */ = {isa = PBXFileReference; lastKnownFileType = folder.assetcatalog; path = Assets.xcassets; sourceTree = "<group>"; };
		678949412052710C0015B6EE /* Base */ = {isa = PBXFileReference; lastKnownFileType = file.storyboard; name = Base; path = Base.lproj/LaunchScreen.storyboard; sourceTree = "<group>"; };
		678949432052710C0015B6EE /* Info.plist */ = {isa = PBXFileReference; lastKnownFileType = text.plist.xml; path = Info.plist; sourceTree = "<group>"; };
		6789494A205272460015B6EE /* rock.png */ = {isa = PBXFileReference; lastKnownFileType = image.png; path = rock.png; sourceTree = "<group>"; };
		6789494C2052727F0015B6EE /* paper.png */ = {isa = PBXFileReference; lastKnownFileType = image.png; path = paper.png; sourceTree = "<group>"; };
		6789494E205273AF0015B6EE /* scissor.png */ = {isa = PBXFileReference; lastKnownFileType = image.png; path = scissor.png; sourceTree = "<group>"; };
/* End PBXFileReference section */

/* Begin PBXFrameworksBuildPhase section */
		678949312052710C0015B6EE /* Frameworks */ = {
			isa = PBXFrameworksBuildPhase;
			buildActionMask = 2147483647;
			files = (
			);
			runOnlyForDeploymentPostprocessing = 0;
		};
/* End PBXFrameworksBuildPhase section */

/* Begin PBXGroup section */
		6789492B2052710C0015B6EE = {
			isa = PBXGroup;
			children = (
				678949362052710C0015B6EE /* computerRSP */,
				678949352052710C0015B6EE /* Products */,
			);
			sourceTree = "<group>";
		};
		678949352052710C0015B6EE /* Products */ = {
			isa = PBXGroup;
			children = (
				678949342052710C0015B6EE /* computerRSP.app */,
			);
			name = Products;
			sourceTree = "<group>";
		};
		678949362052710C0015B6EE /* computerRSP */ = {
			isa = PBXGroup;
			children = (
				678949492052721E0015B6EE /* src */,
				678949372052710C0015B6EE /* AppDelegate.swift */,
				678949392052710C0015B6EE /* ViewController.swift */,
				6789493B2052710C0015B6EE /* Main.storyboard */,
				6789493E2052710C0015B6EE /* Assets.xcassets */,
				678949402052710C0015B6EE /* LaunchScreen.storyboard */,
				678949432052710C0015B6EE /* Info.plist */,
			);
			path = computerRSP;
			sourceTree = "<group>";
		};
		678949492052721E0015B6EE /* src */ = {
			isa = PBXGroup;
			children = (
				6789494E205273AF0015B6EE /* scissor.png */,
				6789494C2052727F0015B6EE /* paper.png */,
				6789494A205272460015B6EE /* rock.png */,
			);
			path = src;
			sourceTree = "<group>";
		};
/* End PBXGroup section */

/* Begin PBXNativeTarget section */
		678949332052710C0015B6EE /* computerRSP */ = {
			isa = PBXNativeTarget;
			buildConfigurationList = 678949462052710C0015B6EE /* Build configuration list for PBXNativeTarget "computerRSP" */;
			buildPhases = (
				678949302052710C0015B6EE /* Sources */,
				678949312052710C0015B6EE /* Frameworks */,
				678949322052710C0015B6EE /* Resources */,
			);
			buildRules = (
			);
			dependencies = (
			);
			name = computerRSP;
			productName = computerRSP;
			productReference = 678949342052710C0015B6EE /* computerRSP.app */;
			productType = "com.apple.product-type.application";
		};
/* End PBXNativeTarget section */

/* Begin PBXProject section */
		6789492C2052710C0015B6EE /* Project object */ = {
			isa = PBXProject;
			attributes = {
				LastSwiftUpdateCheck = 0920;
				LastUpgradeCheck = 0920;
				ORGANIZATIONNAME = "정기웅";
				TargetAttributes = {
					678949332052710C0015B6EE = {
						CreatedOnToolsVersion = 9.2;
						ProvisioningStyle = Automatic;
					};
				};
			};
			buildConfigurationList = 6789492F2052710C0015B6EE /* Build configuration list for PBXProject "computerRSP" */;
			compatibilityVersion = "Xcode 8.0";
			developmentRegion = en;
			hasScannedForEncodings = 0;
			knownRegions = (
				en,
				Base,
			);
			mainGroup = 6789492B2052710C0015B6EE;
			productRefGroup = 678949352052710C0015B6EE /* Products */;
			projectDirPath = "";
			projectRoot = "";
			targets = (
				678949332052710C0015B6EE /* computerRSP */,
			);
		};
/* End PBXProject section */

/* Begin PBXResourcesBuildPhase section */
		678949322052710C0015B6EE /* Resources */ = {
			isa = PBXResourcesBuildPhase;
			buildActionMask = 2147483647;
			files = (
				678949422052710C0015B6EE /* LaunchScreen.storyboard in Resources */,
				6789494D2052727F0015B6EE /* paper.png in Resources */,
				6789494F205273AF0015B6EE /* scissor.png in Resources */,
				6789493F2052710C0015B6EE /* Assets.xcassets in Resources */,
				6789494B205272460015B6EE /* rock.png in Resources */,
				6789493D2052710C0015B6EE /* Main.storyboard in Resources */,
			);
			runOnlyForDeploymentPostprocessing = 0;
		};
/* End PBXResourcesBuildPhase section */

/* Begin PBXSourcesBuildPhase section */
		678949302052710C0015B6EE /* Sources */ = {
			isa = PBXSourcesBuildPhase;
			buildActionMask = 2147483647;
			files = (
				6789493A2052710C0015B6EE /* ViewController.swift in Sources */,
				678949382052710C0015B6EE /* AppDelegate.swift in Sources */,
			);
			runOnlyForDeploymentPostprocessing = 0;
		};
/* End PBXSourcesBuildPhase section */

/* Begin PBXVariantGroup section */
		6789493B2052710C0015B6EE /* Main.storyboard */ = {
			isa = PBXVariantGroup;
			children = (
				6789493C2052710C0015B6EE /* Base */,
			);
			name = Main.storyboard;
			sourceTree = "<group>";
		};
		678949402052710C0015B6EE /* LaunchScreen.storyboard */ = {
			isa = PBXVariantGroup;
			children = (
				678949412052710C0015B6EE /* Base */,
			);
			name = LaunchScreen.storyboard;
			sourceTree = "<group>";
		};
/* End PBXVariantGroup section */

/* Begin XCBuildConfiguration section */
		678949442052710C0015B6EE /* Debug */ = {
			isa = XCBuildConfiguration;
			buildSettings = {
				ALWAYS_SEARCH_USER_PATHS = NO;
				CLANG_ANALYZER_NONNULL = YES;
				CLANG_ANALYZER_NUMBER_OBJECT_CONVERSION = YES_AGGRESSIVE;
				CLANG_CXX_LANGUAGE_STANDARD = "gnu++14";
				CLANG_CXX_LIBRARY = "libc++";
				CLANG_ENABLE_MODULES = YES;
				CLANG_ENABLE_OBJC_ARC = YES;
				CLANG_WARN_BLOCK_CAPTURE_AUTORELEASING = YES;
				CLANG_WARN_BOOL_CONVERSION = YES;
				CLANG_WARN_COMMA = YES;
				CLANG_WARN_CONSTANT_CONVERSION = YES;
				CLANG_WARN_DIRECT_OBJC_ISA_USAGE = YES_ERROR;
				CLANG_WARN_DOCUMENTATION_COMMENTS = YES;
				CLANG_WARN_EMPTY_BODY = YES;
				CLANG_WARN_ENUM_CONVERSION = YES;
				CLANG_WARN_INFINITE_RECURSION = YES;
				CLANG_WARN_INT_CONVERSION = YES;
				CLANG_WARN_NON_LITERAL_NULL_CONVERSION = YES;
				CLANG_WARN_OBJC_LITERAL_CONVERSION = YES;
				CLANG_WARN_OBJC_ROOT_CLASS = YES_ERROR;
				CLANG_WARN_RANGE_LOOP_ANALYSIS = YES;
				CLANG_WARN_STRICT_PROTOTYPES = YES;
				CLANG_WARN_SUSPICIOUS_MOVE = YES;
				CLANG_WARN_UNGUARDED_AVAILABILITY = YES_AGGRESSIVE;
				CLANG_WARN_UNREACHABLE_CODE = YES;
				CLANG_WARN__DUPLICATE_METHOD_MATCH = YES;
				CODE_SIGN_IDENTITY = "iPhone Developer";
				COPY_PHASE_STRIP = NO;
				DEBUG_INFORMATION_FORMAT = dwarf;
				ENABLE_STRICT_OBJC_MSGSEND = YES;
				ENABLE_TESTABILITY = YES;
				GCC_C_LANGUAGE_STANDARD = gnu11;
				GCC_DYNAMIC_NO_PIC = NO;
				GCC_NO_COMMON_BLOCKS = YES;
				GCC_OPTIMIZATION_LEVEL = 0;
				GCC_PREPROCESSOR_DEFINITIONS = (
					"DEBUG=1",
					"$(inherited)",
				);
				GCC_WARN_64_TO_32_BIT_CONVERSION = YES;
				GCC_WARN_ABOUT_RETURN_TYPE = YES_ERROR;
				GCC_WARN_UNDECLARED_SELECTOR = YES;
				GCC_WARN_UNINITIALIZED_AUTOS = YES_AGGRESSIVE;
				GCC_WARN_UNUSED_FUNCTION = YES;
				GCC_WARN_UNUSED_VARIABLE = YES;
				IPHONEOS_DEPLOYMENT_TARGET = 11.2;
				MTL_ENABLE_DEBUG_INFO = YES;
				ONLY_ACTIVE_ARCH = YES;
				SDKROOT = iphoneos;
				SWIFT_ACTIVE_COMPILATION_CONDITIONS = DEBUG;
				SWIFT_OPTIMIZATION_LEVEL = "-Onone";
			};
			name = Debug;
		};
		678949452052710C0015B6EE /* Release */ = {
			isa = XCBuildConfiguration;
			buildSettings = {
				ALWAYS_SEARCH_USER_PATHS = NO;
				CLANG_ANALYZER_NONNULL = YES;
				CLANG_ANALYZER_NUMBER_OBJECT_CONVERSION = YES_AGGRESSIVE;
				CLANG_CXX_LANGUAGE_STANDARD = "gnu++14";
				CLANG_CXX_LIBRARY = "libc++";
				CLANG_ENABLE_MODULES = YES;
				CLANG_ENABLE_OBJC_ARC = YES;
				CLANG_WARN_BLOCK_CAPTURE_AUTORELEASING = YES;
				CLANG_WARN_BOOL_CONVERSION = YES;
				CLANG_WARN_COMMA = YES;
				CLANG_WARN_CONSTANT_CONVERSION = YES;
				CLANG_WARN_DIRECT_OBJC_ISA_USAGE = YES_ERROR;
				CLANG_WARN_DOCUMENTATION_COMMENTS = YES;
				CLANG_WARN_EMPTY_BODY = YES;
				CLANG_WARN_ENUM_CONVERSION = YES;
				CLANG_WARN_INFINITE_RECURSION = YES;
				CLANG_WARN_INT_CONVERSION = YES;
				CLANG_WARN_NON_LITERAL_NULL_CONVERSION = YES;
				CLANG_WARN_OBJC_LITERAL_CONVERSION = YES;
				CLANG_WARN_OBJC_ROOT_CLASS = YES_ERROR;
				CLANG_WARN_RANGE_LOOP_ANALYSIS = YES;
				CLANG_WARN_STRICT_PROTOTYPES = YES;
				CLANG_WARN_SUSPICIOUS_MOVE = YES;
				CLANG_WARN_UNGUARDED_AVAILABILITY = YES_AGGRESSIVE;
				CLANG_WARN_UNREACHABLE_CODE = YES;
				CLANG_WARN__DUPLICATE_METHOD_MATCH = YES;
				CODE_SIGN_IDENTITY = "iPhone Developer";
				COPY_PHASE_STRIP = NO;
				DEBUG_INFORMATION_FORMAT = "dwarf-with-dsym";
				ENABLE_NS_ASSERTIONS = NO;
				ENABLE_STRICT_OBJC_MSGSEND = YES;
				GCC_C_LANGUAGE_STANDARD = gnu11;
				GCC_NO_COMMON_BLOCKS = YES;
				GCC_WARN_64_TO_32_BIT_CONVERSION = YES;
				GCC_WARN_ABOUT_RETURN_TYPE = YES_ERROR;
				GCC_WARN_UNDECLARED_SELECTOR = YES;
				GCC_WARN_UNINITIALIZED_AUTOS = YES_AGGRESSIVE;
				GCC_WARN_UNUSED_FUNCTION = YES;
				GCC_WARN_UNUSED_VARIABLE = YES;
				IPHONEOS_DEPLOYMENT_TARGET = 11.2;
				MTL_ENABLE_DEBUG_INFO = NO;
				SDKROOT = iphoneos;
				SWIFT_OPTIMIZATION_LEVEL = "-Owholemodule";
				VALIDATE_PRODUCT = YES;
			};
			name = Release;
		};
		678949472052710C0015B6EE /* Debug */ = {
			isa = XCBuildConfiguration;
			buildSettings = {
				ASSETCATALOG_COMPILER_APPICON_NAME = AppIcon;
				CODE_SIGN_STYLE = Automatic;
				DEVELOPMENT_TEAM = VG64MCHQ4X;
				INFOPLIST_FILE = computerRSP/Info.plist;
				LD_RUNPATH_SEARCH_PATHS = "$(inherited) @executable_path/Frameworks";
				PRODUCT_BUNDLE_IDENTIFIER = JKU.computerRSP;
				PRODUCT_NAME = "$(TARGET_NAME)";
				SWIFT_VERSION = 4.0;
				TARGETED_DEVICE_FAMILY = "1,2";
			};
			name = Debug;
		};
		678949482052710C0015B6EE /* Release */ = {
			isa = XCBuildConfiguration;
			buildSettings = {
				ASSETCATALOG_COMPILER_APPICON_NAME = AppIcon;
				CODE_SIGN_STYLE = Automatic;
				DEVELOPMENT_TEAM = VG64MCHQ4X;
				INFOPLIST_FILE = computerRSP/Info.plist;
				LD_RUNPATH_SEARCH_PATHS = "$(inherited) @executable_path/Frameworks";
				PRODUCT_BUNDLE_IDENTIFIER = JKU.computerRSP;
				PRODUCT_NAME = "$(TARGET_NAME)";
				SWIFT_VERSION = 4.0;
				TARGETED_DEVICE_FAMILY = "1,2";
			};
			name = Release;
		};
/* End XCBuildConfiguration section */

/* Begin XCConfigurationList section */
		6789492F2052710C0015B6EE /* Build configuration list for PBXProject "computerRSP" */ = {
			isa = XCConfigurationList;
			buildConfigurations = (
				678949442052710C0015B6EE /* Debug */,
				678949452052710C0015B6EE /* Release */,
			);
			defaultConfigurationIsVisible = 0;
			defaultConfigurationName = Release;
		};
		678949462052710C0015B6EE /* Build configuration list for PBXNativeTarget "computerRSP" */ = {
			isa = XCConfigurationList;
			buildConfigurations = (
				678949472052710C0015B6EE /* Debug */,
				678949482052710C0015B6EE /* Release */,
			);
			defaultConfigurationIsVisible = 0;
			defaultConfigurationName = Release;
		};
/* End XCConfigurationList section */
	};
	rootObject = 6789492C2052710C0015B6EE /* Project object */;
}
